
Microsoft Visual Studio Solution File, Format Version 12.00
# Visual Studio Version 17
VisualStudioVersion = 17.0.32112.339
MinimumVisualStudioVersion = 10.0.40219.1
Project("{FAE04EC0-301F-11D3-BF4B-00C04F79EFBC}") = "EONProgram", "EONProgram\EONProgram.csproj", "{291FE6D7-5289-4216-B375-884F5CC98D71}"
EndProject
Global
	GlobalSection(SolutionConfigurationPlatforms) = preSolution
		Debug|Any CPU = Debug|Any CPU
		Release|Any CPU = Release|Any CPU
	EndGlobalSection
	GlobalSection(ProjectConfigurationPlatforms) = postSolution
		{291FE6D7-5289-4216-B375-884F5CC98D71}.Debug|Any CPU.ActiveCfg = Debug|Any CPU
		{291FE6D7-5289-4216-B375-884F5CC98D71}.Debug|Any CPU.Build.0 = Debug|Any CPU
		{291FE6D7-5289-4216-B375-884F5CC98D71}.Release|Any CPU.ActiveCfg = Release|Any CPU
		{291FE6D7-5289-4216-B375-884F5CC98D71}.Release|Any CPU.Build.0 = Release|Any CPU
	EndGlobalSection
	GlobalSection(SolutionProperties) = preSolution
		HideSolutionNode = FALSE
	EndGlobalSection
	GlobalSection(ExtensibilityGlobals) = postSolution
		SolutionGuid = {F4C8ABDF-5793-461A-8D4E-D2C03626378A}
	EndGlobalSection
EndGlobal
